
Microsoft Visual Studio Solution File, Format Version 12.00
# Visual Studio 15
VisualStudioVersion = 15.0.28307.421
MinimumVisualStudioVersion = 10.0.40219.1
Project("{FAE04EC0-301F-11D3-BF4B-00C04F79EFBC}") = "Primeira_Aplicacao_Vidly", "Primeira_Aplicacao_Vidly\Primeira_Aplicacao_Vidly.csproj", "{DFC41EE5-501A-4F51-9C68-C598FD0DCC34}"
EndProject
Global
	GlobalSection(SolutionConfigurationPlatforms) = preSolution
		Debug|Any CPU = Debug|Any CPU
		Release|Any CPU = Release|Any CPU
	EndGlobalSection
	GlobalSection(ProjectConfigurationPlatforms) = postSolution
		{DFC41EE5-501A-4F51-9C68-C598FD0DCC34}.Debug|Any CPU.ActiveCfg = Debug|Any CPU
		{DFC41EE5-501A-4F51-9C68-C598FD0DCC34}.Debug|Any CPU.Build.0 = Debug|Any CPU
		{DFC41EE5-501A-4F51-9C68-C598FD0DCC34}.Release|Any CPU.ActiveCfg = Release|Any CPU
		{DFC41EE5-501A-4F51-9C68-C598FD0DCC34}.Release|Any CPU.Build.0 = Release|Any CPU
	EndGlobalSection
	GlobalSection(SolutionProperties) = preSolution
		HideSolutionNode = FALSE
	EndGlobalSection
	GlobalSection(ExtensibilityGlobals) = postSolution
		SolutionGuid = {9E8C166F-8234-4A67-B18B-840BC1E52693}
	EndGlobalSection
EndGlobal
